
Microsoft Visual Studio Solution File, Format Version 12.00
# Visual Studio Version 17
VisualStudioVersion = 17.9.34607.119
MinimumVisualStudioVersion = 10.0.40219.1
Project("{FAE04EC0-301F-11D3-BF4B-00C04F79EFBC}") = "Sports Management System", "Sports Management System\Sports Management System.csproj", "{FD990835-E16D-47BD-975C-3E2A2AEC1010}"
EndProject
Global
	GlobalSection(SolutionConfigurationPlatforms) = preSolution
		Debug|Any CPU = Debug|Any CPU
		Release|Any CPU = Release|Any CPU
	EndGlobalSection
	GlobalSection(ProjectConfigurationPlatforms) = postSolution
		{FD990835-E16D-47BD-975C-3E2A2AEC1010}.Debug|Any CPU.ActiveCfg = Debug|Any CPU
		{FD990835-E16D-47BD-975C-3E2A2AEC1010}.Debug|Any CPU.Build.0 = Debug|Any CPU
		{FD990835-E16D-47BD-975C-3E2A2AEC1010}.Release|Any CPU.ActiveCfg = Release|Any CPU
		{FD990835-E16D-47BD-975C-3E2A2AEC1010}.Release|Any CPU.Build.0 = Release|Any CPU
	EndGlobalSection
	GlobalSection(SolutionProperties) = preSolution
		HideSolutionNode = FALSE
	EndGlobalSection
	GlobalSection(ExtensibilityGlobals) = postSolution
		SolutionGuid = {300CC85B-27E8-4AE9-BD4D-4A731FBA6ED4}
	EndGlobalSection
EndGlobal
